{
    "_readme": [
        "This file locks the dependencies of your project to a known state",
        "Read more about it at http://getcomposer.org/doc/01-basic-usage.md#composer-lock-the-lock-file"
    ],
    "hash": "c66bb06d3fab7b756ae6aa0ef701e5d3",
    "packages": [
        {
            "name": "giggsey/libphonenumber-for-php",
            "version": "5.9.4",
            "source": {
                "type": "git",
                "url": "https://github.com/giggsey/libphonenumber-for-php.git",
                "reference": "d61d134d6faa1dd053d4b7ee264f8380307360bc"
            },
            "dist": {
                "type": "zip",
                "url": "https://api.github.com/repos/giggsey/libphonenumber-for-php/zipball/d61d134d6faa1dd053d4b7ee264f8380307360bc",
                "reference": "d61d134d6faa1dd053d4b7ee264f8380307360bc",
                "shasum": ""
            },
            "require": {
                "ext-intl": "*"
            },
            "replace": {
                "giggsey/libphonenumber-geocoder": "*"
            },
            "require-dev": {
                "phpunit/phpunit": "~3.7",
                "satooshi/php-coveralls": "~0.6",
                "symfony/console": "~2.3.5"
            },
            "type": "library",
            "extra": {
                "branch-alias": {
                    "dev-master": "5.x-dev"
                }
            },
            "autoload": {
                "psr-0": {
                    "libphonenumber": "src/"
                }
            },
            "notification-url": "https://packagist.org/downloads/",
            "license": [
                "Apache-2.0"
            ],
            "authors": [
                {
                    "name": "Joshua Gigg",
                    "email": "giggsey@gmail.com",
                    "homepage": "http://giggsey.com/"
                }
            ],
            "description": "Unofficial PHP Port of Google's libphonenumber",
            "homepage": "https://github.com/giggsey/libphonenumber-for-php",
            "keywords": [
                "geocoding",
                "geolocation",
                "libphonenumber",
                "mobile",
                "phonenumber",
                "validation"
            ],
            "time": "2014-02-07 19:14:58"
        },
        {
            "name": "joelvardy/flash",
            "version": "dev-master",
            "source": {
                "type": "git",
                "url": "https://github.com/joelvardy/flash.git",
                "reference": "80bcd8b0796592915fe91b74d76f39785522184f"
            },
            "dist": {
                "type": "zip",
                "url": "https://api.github.com/repos/joelvardy/flash/zipball/80bcd8b0796592915fe91b74d76f39785522184f",
                "reference": "80bcd8b0796592915fe91b74d76f39785522184f",
                "shasum": ""
            },
            "require": {
                "php": ">=5.0.0"
            },
            "type": "library",
            "autoload": {
                "psr-0": {
                    "Joelvardy": "src"
                }
            },
            "notification-url": "https://packagist.org/downloads/",
            "license": [
                "MIT"
            ],
            "authors": [
                {
                    "name": "Joel Vardy",
                    "email": "info@joelvardy.com",
                    "homepage": "https://joelvardy.com",
                    "role": "Developer"
                }
            ],
            "description": "Library for storing and retrieving flash data / messages.",
            "homepage": "https://github.com/joelvardy/flash",
            "keywords": [
                "data",
                "flash",
                "messages"
            ],
            "time": "2013-10-02 22:15:14"
        },
        {
            "name": "pimple/pimple",
            "version": "v1.1.1",
            "source": {
                "type": "git",
                "url": "https://github.com/fabpot/Pimple.git",
                "reference": "2019c145fe393923f3441b23f29bbdfaa5c58c4d"
            },
            "dist": {
                "type": "zip",
                "url": "https://api.github.com/repos/fabpot/Pimple/zipball/2019c145fe393923f3441b23f29bbdfaa5c58c4d",
                "reference": "2019c145fe393923f3441b23f29bbdfaa5c58c4d",
                "shasum": ""
            },
            "require": {
                "php": ">=5.3.0"
            },
            "type": "library",
            "extra": {
                "branch-alias": {
                    "dev-master": "1.1.x-dev"
                }
            },
            "autoload": {
                "psr-0": {
                    "Pimple": "lib/"
                }
            },
            "notification-url": "https://packagist.org/downloads/",
            "license": [
                "MIT"
            ],
            "authors": [
                {
                    "name": "Fabien Potencier",
                    "email": "fabien@symfony.com",
                    "homepage": "http://fabien.potencier.org",
                    "role": "Lead Developer"
                }
            ],
            "description": "Pimple is a simple Dependency Injection Container for PHP 5.3",
            "homepage": "http://pimple.sensiolabs.org",
            "keywords": [
                "container",
                "dependency injection"
            ],
            "time": "2013-11-22 08:30:29"
        },
        {
            "name": "raven/raven",
            "version": "0.8.0",
            "source": {
                "type": "git",
                "url": "https://github.com/getsentry/raven-php.git",
                "reference": "d4b741736125f2b892e07903cd40450b53479290"
            },
            "dist": {
                "type": "zip",
                "url": "https://api.github.com/repos/getsentry/raven-php/zipball/d4b741736125f2b892e07903cd40450b53479290",
                "reference": "d4b741736125f2b892e07903cd40450b53479290",
                "shasum": ""
            },
            "require": {
                "php": ">=5.2.4"
            },
            "require-dev": {
                "phpunit/phpunit": "3.7.*"
            },
            "bin": [
                "bin/raven"
            ],
            "type": "library",
            "extra": {
                "branch-alias": {
                    "dev-master": "0.7.x-dev"
                }
            },
            "autoload": {
                "psr-0": {
                    "Raven_": "lib/"
                }
            },
            "notification-url": "https://packagist.org/downloads/",
            "license": [
                "BSD"
            ],
            "authors": [
                {
                    "name": "David Cramer",
                    "email": "dcramer@gmail.com"
                }
            ],
            "description": "A PHP client for Sentry (http://getsentry.com)",
            "homepage": "http://getsentry.com",
            "keywords": [
                "log",
                "logging"
            ],
            "time": "2013-12-03 10:27:59"
        },
        {
            "name": "symfony/finder",
            "version": "v2.4.2",
            "target-dir": "Symfony/Component/Finder",
            "source": {
                "type": "git",
                "url": "https://github.com/symfony/Finder.git",
                "reference": "b6735d1fc16da13c4c7dddfe78366a4a098cf011"
            },
            "dist": {
                "type": "zip",
                "url": "https://api.github.com/repos/symfony/Finder/zipball/b6735d1fc16da13c4c7dddfe78366a4a098cf011",
                "reference": "b6735d1fc16da13c4c7dddfe78366a4a098cf011",
                "shasum": ""
            },
            "require": {
                "php": ">=5.3.3"
            },
            "type": "library",
            "extra": {
                "branch-alias": {
                    "dev-master": "2.4-dev"
                }
            },
            "autoload": {
                "psr-0": {
                    "Symfony\\Component\\Finder\\": ""
                }
            },
            "notification-url": "https://packagist.org/downloads/",
            "license": [
                "MIT"
            ],
            "authors": [
                {
                    "name": "Fabien Potencier",
                    "email": "fabien@symfony.com",
                    "homepage": "http://fabien.potencier.org",
                    "role": "Lead Developer"
                },
                {
                    "name": "Symfony Community",
                    "homepage": "http://symfony.com/contributors"
                }
            ],
            "description": "Symfony Finder Component",
            "homepage": "http://symfony.com",
            "time": "2014-01-07 13:28:54"
        },
        {
            "name": "twilio/sdk",
            "version": "3.12.4",
            "source": {
                "type": "git",
                "url": "https://github.com/twilio/twilio-php.git",
                "reference": "510fad9a9be2d7b68df7b5ff443711cbbf873068"
            },
            "dist": {
                "type": "zip",
                "url": "https://api.github.com/repos/twilio/twilio-php/zipball/510fad9a9be2d7b68df7b5ff443711cbbf873068",
                "reference": "510fad9a9be2d7b68df7b5ff443711cbbf873068",
                "shasum": ""
            },
            "require": {
                "php": ">=5.2.1"
            },
            "require-dev": {
                "mockery/mockery": ">=0.7.2",
                "phpunit/phpunit": "3.7.*"
            },
            "type": "library",
            "autoload": {
                "psr-0": {
                    "Services_Twilio": ""
                }
            },
            "notification-url": "https://packagist.org/downloads/",
            "license": [
                "MIT"
            ],
            "authors": [
                {
                    "name": "Kevin Burke",
                    "email": "kevin@twilio.com"
                },
                {
                    "name": "Kyle Conroy",
                    "email": "kyle+pear@twilio.com"
                }
            ],
            "description": "A PHP wrapper for Twilio's API",
            "homepage": "http://github.com/twilio/twilio-php",
            "keywords": [
                "api",
                "sms",
                "twilio"
            ],
            "time": "2014-01-30 15:53:31"
        },
        {
            "name": "vlucas/bulletphp",
            "version": "1.3.2",
            "source": {
                "type": "git",
                "url": "https://github.com/vlucas/bulletphp.git",
                "reference": "a0d120bb0c8692541d23cf064e520262c5775d68"
            },
            "dist": {
                "type": "zip",
                "url": "https://api.github.com/repos/vlucas/bulletphp/zipball/a0d120bb0c8692541d23cf064e520262c5775d68",
                "reference": "a0d120bb0c8692541d23cf064e520262c5775d68",
                "shasum": ""
            },
            "require": {
                "php": ">=5.3.2",
                "pimple/pimple": "1.*"
            },
            "type": "library",
            "autoload": {
                "psr-0": {
                    "Bullet": "src/"
                }
            },
            "notification-url": "https://packagist.org/downloads/",
            "license": [
                "BSD"
            ],
            "authors": [
                {
                    "name": "Vance Lucas",
                    "email": "vance@vancelucas.com",
                    "homepage": "http://www.vancelucas.com"
                }
            ],
            "description": "A heierarchical resource-oriented micro-framework built on nested closures instead of route-based callbacks",
            "homepage": "http://bulletphp.com",
            "keywords": [
                "framework",
                "micro",
                "microframework",
                "microphp",
                "router",
                "routing"
            ],
            "time": "2014-01-15 23:06:47"
        },
        {
            "name": "vlucas/phpdotenv",
            "version": "1.0.6",
            "source": {
                "type": "git",
                "url": "https://github.com/vlucas/phpdotenv.git",
                "reference": "2821c024b4c14c7e6d1ff99e063ae9532620beb2"
            },
            "dist": {
                "type": "zip",
                "url": "https://api.github.com/repos/vlucas/phpdotenv/zipball/2821c024b4c14c7e6d1ff99e063ae9532620beb2",
                "reference": "2821c024b4c14c7e6d1ff99e063ae9532620beb2",
                "shasum": ""
            },
            "require": {
                "php": ">=5.3.2"
            },
            "require-dev": {
                "phpunit/phpunit": "*"
            },
            "type": "library",
            "autoload": {
                "psr-0": {
                    "Dotenv": "src/"
                }
            },
            "notification-url": "https://packagist.org/downloads/",
            "license": [
                "BSD"
            ],
            "authors": [
                {
                    "name": "Vance Lucas",
                    "email": "vance@vancelucas.com",
                    "homepage": "http://www.vancelucas.com"
                }
            ],
            "description": "Loads environment variables from `.env` to `getenv()`, `$_ENV` and `$_SERVER` automagically.",
            "homepage": "http://github.com/vlucas/phpdotenv",
            "keywords": [
                "dotenv",
                "env",
                "environment"
            ],
            "time": "2014-01-31 16:18:39"
        },
        {
            "name": "vlucas/spot",
            "version": "dev-master",
            "source": {
                "type": "git",
                "url": "https://github.com/vlucas/Spot.git",
                "reference": "5641a513b8765100da1de47ef7e7fd031de7b9d1"
            },
            "dist": {
                "type": "zip",
                "url": "https://api.github.com/repos/vlucas/Spot/zipball/5641a513b8765100da1de47ef7e7fd031de7b9d1",
                "reference": "5641a513b8765100da1de47ef7e7fd031de7b9d1",
                "shasum": ""
            },
            "require": {
                "php": ">=5.3.2",
                "vlucas/valitron": "1.x"
            },
            "type": "library",
            "autoload": {
                "psr-0": {
                    "Spot": "lib/"
                }
            },
            "notification-url": "https://packagist.org/downloads/",
            "license": [
                "BSD"
            ],
            "authors": [
                {
                    "name": "Vance Lucas",
                    "email": "vance@vancelucas.com",
                    "homepage": "http://www.vancelucas.com"
                }
            ],
            "description": "DataMapper ORM for PHP 5.3+",
            "homepage": "https://github.com/vlucas/Spot",
            "keywords": [
                "database",
                "datamapper",
                "entity",
                "mapper",
                "model",
                "mysql",
                "orm"
            ],
            "time": "2014-03-02 04:56:27"
        },
        {
            "name": "vlucas/valitron",
            "version": "1.1.5",
            "source": {
                "type": "git",
                "url": "https://github.com/vlucas/valitron.git",
                "reference": "63695ad7d1d9c98f5ae67b535567006c8d1bba01"
            },
            "dist": {
                "type": "zip",
                "url": "https://api.github.com/repos/vlucas/valitron/zipball/63695ad7d1d9c98f5ae67b535567006c8d1bba01",
                "reference": "63695ad7d1d9c98f5ae67b535567006c8d1bba01",
                "shasum": ""
            },
            "require": {
                "php": ">=5.3.2"
            },
            "type": "library",
            "autoload": {
                "psr-0": {
                    "Valitron": "src/"
                }
            },
            "notification-url": "https://packagist.org/downloads/",
            "license": [
                "BSD"
            ],
            "authors": [
                {
                    "name": "Vance Lucas",
                    "email": "vance@vancelucas.com",
                    "homepage": "http://www.vancelucas.com"
                }
            ],
            "description": "Simple, elegant, stand-alone validation library with NO dependencies",
            "homepage": "http://github.com/vlucas/valitron",
            "keywords": [
                "valid",
                "validation",
                "validator"
            ],
            "time": "2013-11-11 21:11:45"
        }
    ],
    "packages-dev": [

    ],
    "aliases": [

    ],
    "minimum-stability": "stable",
    "stability-flags": {
        "vlucas/spot": 20,
        "joelvardy/flash": 20
    },
    "platform": [

    ],
    "platform-dev": [

    ]
}
